
Microsoft Visual Studio Solution File, Format Version 12.00
# Visual Studio Version 16
VisualStudioVersion = 16.0.29509.3
MinimumVisualStudioVersion = 10.0.40219.1
Project("{FAE04EC0-301F-11D3-BF4B-00C04F79EFBC}") = "FinalExamReview", "FinalExamReview\FinalExamReview.csproj", "{1D396CA5-7C32-4E16-AD46-6DA52360604A}"
EndProject
Project("{FAE04EC0-301F-11D3-BF4B-00C04F79EFBC}") = "Map.Allswap", "Map.Allswap\Map.Allswap.csproj", "{B49FA9DB-4A8D-4377-8CDA-246DDA612C88}"
EndProject
Project("{FAE04EC0-301F-11D3-BF4B-00C04F79EFBC}") = "Change", "Change\Change.csproj", "{2DE8D314-1D60-40F0-BBE4-C1097804309B}"
EndProject
Global
	GlobalSection(SolutionConfigurationPlatforms) = preSolution
		Debug|Any CPU = Debug|Any CPU
		Release|Any CPU = Release|Any CPU
	EndGlobalSection
	GlobalSection(ProjectConfigurationPlatforms) = postSolution
		{1D396CA5-7C32-4E16-AD46-6DA52360604A}.Debug|Any CPU.ActiveCfg = Debug|Any CPU
		{1D396CA5-7C32-4E16-AD46-6DA52360604A}.Debug|Any CPU.Build.0 = Debug|Any CPU
		{1D396CA5-7C32-4E16-AD46-6DA52360604A}.Release|Any CPU.ActiveCfg = Release|Any CPU
		{1D396CA5-7C32-4E16-AD46-6DA52360604A}.Release|Any CPU.Build.0 = Release|Any CPU
		{B49FA9DB-4A8D-4377-8CDA-246DDA612C88}.Debug|Any CPU.ActiveCfg = Debug|Any CPU
		{B49FA9DB-4A8D-4377-8CDA-246DDA612C88}.Debug|Any CPU.Build.0 = Debug|Any CPU
		{B49FA9DB-4A8D-4377-8CDA-246DDA612C88}.Release|Any CPU.ActiveCfg = Release|Any CPU
		{B49FA9DB-4A8D-4377-8CDA-246DDA612C88}.Release|Any CPU.Build.0 = Release|Any CPU
		{2DE8D314-1D60-40F0-BBE4-C1097804309B}.Debug|Any CPU.ActiveCfg = Debug|Any CPU
		{2DE8D314-1D60-40F0-BBE4-C1097804309B}.Debug|Any CPU.Build.0 = Debug|Any CPU
		{2DE8D314-1D60-40F0-BBE4-C1097804309B}.Release|Any CPU.ActiveCfg = Release|Any CPU
		{2DE8D314-1D60-40F0-BBE4-C1097804309B}.Release|Any CPU.Build.0 = Release|Any CPU
	EndGlobalSection
	GlobalSection(SolutionProperties) = preSolution
		HideSolutionNode = FALSE
	EndGlobalSection
	GlobalSection(ExtensibilityGlobals) = postSolution
		SolutionGuid = {D7E4CB40-93A6-4CBD-93F3-B3D2E36ADD19}
	EndGlobalSection
EndGlobal
